
Microsoft Visual Studio Solution File, Format Version 12.00
# Visual Studio Version 17
VisualStudioVersion = 17.5.002.0
MinimumVisualStudioVersion = 10.0.40219.1
Project("{2150E333-8FDC-42A3-9474-1A3956D46DE8}") = "ep21-Docker-image-creation", "ep21-Docker-image-creation", "{AFD1EE28-0DB1-4A40-860F-4CF7D1AFFE09}"
EndProject
Project("{9A19103F-16F7-4668-BE54-9A1E7A4F7556}") = "macro-api", "ep21-Docker-image-creation\backend\macro-api.csproj", "{38B6437F-FE67-4415-9CE9-31D6337837C0}"
EndProject
Global
	GlobalSection(SolutionConfigurationPlatforms) = preSolution
		Debug|Any CPU = Debug|Any CPU
		Release|Any CPU = Release|Any CPU
	EndGlobalSection
	GlobalSection(ProjectConfigurationPlatforms) = postSolution
		{38B6437F-FE67-4415-9CE9-31D6337837C0}.Debug|Any CPU.ActiveCfg = Debug|Any CPU
		{38B6437F-FE67-4415-9CE9-31D6337837C0}.Debug|Any CPU.Build.0 = Debug|Any CPU
		{38B6437F-FE67-4415-9CE9-31D6337837C0}.Release|Any CPU.ActiveCfg = Release|Any CPU
		{38B6437F-FE67-4415-9CE9-31D6337837C0}.Release|Any CPU.Build.0 = Release|Any CPU
	EndGlobalSection
	GlobalSection(SolutionProperties) = preSolution
		HideSolutionNode = FALSE
	EndGlobalSection
	GlobalSection(NestedProjects) = preSolution
		{38B6437F-FE67-4415-9CE9-31D6337837C0} = {AFD1EE28-0DB1-4A40-860F-4CF7D1AFFE09}
	EndGlobalSection
	GlobalSection(ExtensibilityGlobals) = postSolution
		SolutionGuid = {F58CEE68-966E-4C20-9C21-F2FB5ED32570}
	EndGlobalSection
EndGlobal
